
Microsoft Visual Studio Solution File, Format Version 12.00
# Visual Studio Version 16
VisualStudioVersion = 16.0.30523.141
MinimumVisualStudioVersion = 10.0.40219.1
Project("{FAE04EC0-301F-11D3-BF4B-00C04F79EFBC}") = "M2_Client_Main", "M2_Client_Main\M2_Client_Main.csproj", "{50D6FFAB-A288-418D-82FB-E190BDEFC6CD}"
EndProject
Global
	GlobalSection(SolutionConfigurationPlatforms) = preSolution
		Debug|Any CPU = Debug|Any CPU
		Release|Any CPU = Release|Any CPU
	EndGlobalSection
	GlobalSection(ProjectConfigurationPlatforms) = postSolution
		{50D6FFAB-A288-418D-82FB-E190BDEFC6CD}.Debug|Any CPU.ActiveCfg = Debug|Any CPU
		{50D6FFAB-A288-418D-82FB-E190BDEFC6CD}.Debug|Any CPU.Build.0 = Debug|Any CPU
		{50D6FFAB-A288-418D-82FB-E190BDEFC6CD}.Release|Any CPU.ActiveCfg = Release|Any CPU
		{50D6FFAB-A288-418D-82FB-E190BDEFC6CD}.Release|Any CPU.Build.0 = Release|Any CPU
	EndGlobalSection
	GlobalSection(SolutionProperties) = preSolution
		HideSolutionNode = FALSE
	EndGlobalSection
	GlobalSection(ExtensibilityGlobals) = postSolution
		SolutionGuid = {D59A8D4C-6B8B-4D32-9FCC-4612C04B21AE}
	EndGlobalSection
EndGlobal
